
Microsoft Visual Studio Solution File, Format Version 12.00
# Visual Studio Version 17
VisualStudioVersion = 17.4.33213.308
MinimumVisualStudioVersion = 10.0.40219.1
Project("{FAE04EC0-301F-11D3-BF4B-00C04F79EFBC}") = "Hearthstone-cards", "Hearthstone-cards\Hearthstone-cards.csproj", "{B2E56377-AE2A-45EF-932B-961AB7AEDDDC}"
EndProject
Global
	GlobalSection(SolutionConfigurationPlatforms) = preSolution
		Debug|Any CPU = Debug|Any CPU
		Release|Any CPU = Release|Any CPU
	EndGlobalSection
	GlobalSection(ProjectConfigurationPlatforms) = postSolution
		{B2E56377-AE2A-45EF-932B-961AB7AEDDDC}.Debug|Any CPU.ActiveCfg = Debug|Any CPU
		{B2E56377-AE2A-45EF-932B-961AB7AEDDDC}.Debug|Any CPU.Build.0 = Debug|Any CPU
		{B2E56377-AE2A-45EF-932B-961AB7AEDDDC}.Release|Any CPU.ActiveCfg = Release|Any CPU
		{B2E56377-AE2A-45EF-932B-961AB7AEDDDC}.Release|Any CPU.Build.0 = Release|Any CPU
	EndGlobalSection
	GlobalSection(SolutionProperties) = preSolution
		HideSolutionNode = FALSE
	EndGlobalSection
	GlobalSection(ExtensibilityGlobals) = postSolution
		SolutionGuid = {14D47A4D-A8A2-475D-ABEE-83C733FAA49D}
	EndGlobalSection
EndGlobal
